
Microsoft Visual Studio Solution File, Format Version 12.00
# Visual Studio Version 16
VisualStudioVersion = 16.0.30611.23
MinimumVisualStudioVersion = 10.0.40219.1
Project("{FAE04EC0-301F-11D3-BF4B-00C04F79EFBC}") = "APIGateWay", "APIGateWay\APIGateWay.csproj", "{5AFA080F-FD97-416C-B52D-46304A1683DF}"
EndProject
Project("{FAE04EC0-301F-11D3-BF4B-00C04F79EFBC}") = "ConsulBuilder", "ConsulBuilder\ConsulBuilder.csproj", "{22F2FCF2-1DEC-43CA-8FE3-0F9DE84803A7}"
EndProject
Global
	GlobalSection(SolutionConfigurationPlatforms) = preSolution
		Debug|Any CPU = Debug|Any CPU
		Release|Any CPU = Release|Any CPU
	EndGlobalSection
	GlobalSection(ProjectConfigurationPlatforms) = postSolution
		{5AFA080F-FD97-416C-B52D-46304A1683DF}.Debug|Any CPU.ActiveCfg = Debug|Any CPU
		{5AFA080F-FD97-416C-B52D-46304A1683DF}.Debug|Any CPU.Build.0 = Debug|Any CPU
		{5AFA080F-FD97-416C-B52D-46304A1683DF}.Release|Any CPU.ActiveCfg = Release|Any CPU
		{5AFA080F-FD97-416C-B52D-46304A1683DF}.Release|Any CPU.Build.0 = Release|Any CPU
		{22F2FCF2-1DEC-43CA-8FE3-0F9DE84803A7}.Debug|Any CPU.ActiveCfg = Debug|Any CPU
		{22F2FCF2-1DEC-43CA-8FE3-0F9DE84803A7}.Debug|Any CPU.Build.0 = Debug|Any CPU
		{22F2FCF2-1DEC-43CA-8FE3-0F9DE84803A7}.Release|Any CPU.ActiveCfg = Release|Any CPU
		{22F2FCF2-1DEC-43CA-8FE3-0F9DE84803A7}.Release|Any CPU.Build.0 = Release|Any CPU
	EndGlobalSection
	GlobalSection(SolutionProperties) = preSolution
		HideSolutionNode = FALSE
	EndGlobalSection
	GlobalSection(ExtensibilityGlobals) = postSolution
		SolutionGuid = {A620606E-0C3C-48D5-B612-E09ECABA939A}
	EndGlobalSection
EndGlobal
